version: 7
platforms:
- name: win-64
environments:
  default:
    channels:
    - url: https://conda.anaconda.org/conda-forge/
    packages:
      win-64:
      - conda: https://conda.anaconda.org/conda-forge/noarch/_python_abi3_support-1.0-hd8ed1ab_2.conda
      - conda: https://conda.anaconda.org/conda-forge/noarch/anyio-4.14.0-pyhcf101f3_0.conda
      - conda: https://conda.anaconda.org/conda-forge/noarch/attrs-26.1.0-pyhcf101f3_0.conda
      - conda: https://conda.anaconda.org/conda-forge/noarch/autopep8-2.0.4-pyhd8ed1ab_0.conda
      - conda: https://conda.anaconda.org/conda-forge/noarch/black-26.5.1-pyh866005b_0.conda
      - conda: https://conda.anaconda.org/conda-forge/noarch/ca-certificates-2026.6.17-h4c7d964_0.conda
      - conda: https://conda.anaconda.org/conda-forge/noarch/click-8.4.1-pyh6dadd2b_0.conda
      - conda: https://conda.anaconda.org/conda-forge/noarch/colorama-0.4.6-pyhd8ed1ab_1.conda
      - conda: https://conda.anaconda.org/conda-forge/noarch/cpython-3.14.6-py314hd8ed1ab_100.conda
      - conda: https://conda.anaconda.org/conda-forge/noarch/dill-0.4.1-pyhcf101f3_0.conda
      - conda: https://conda.anaconda.org/conda-forge/noarch/docstring-to-markdown-0.17-pyhe01879c_0.conda
      - conda: https://conda.anaconda.org/conda-forge/noarch/docutils-0.23-pyhcf101f3_0.conda
      - conda: https://conda.anaconda.org/conda-forge/noarch/exceptiongroup-1.3.1-pyhd8ed1ab_0.conda
      - conda: https://conda.anaconda.org/conda-forge/noarch/flake8-7.1.2-pyhd8ed1ab_0.conda
      - conda: https://conda.anaconda.org/conda-forge/noarch/h11-0.16.0-pyhcf101f3_1.conda
      - conda: https://conda.anaconda.org/conda-forge/noarch/idna-3.18-pyhcf101f3_0.conda
      - conda: https://conda.anaconda.org/conda-forge/noarch/importlib-metadata-9.0.0-pyhcf101f3_0.conda
      - conda: https://conda.anaconda.org/conda-forge/noarch/isort-8.0.1-pyhd8ed1ab_0.conda
      - conda: https://conda.anaconda.org/conda-forge/noarch/itsdangerous-2.2.0-pyhd8ed1ab_1.conda
      - conda: https://conda.anaconda.org/conda-forge/noarch/jedi-0.19.2-pyhd8ed1ab_1.conda
      - conda: https://conda.anaconda.org/conda-forge/noarch/jsonschema-4.26.0-pyhcf101f3_0.conda
      - conda: https://conda.anaconda.org/conda-forge/noarch/jsonschema-specifications-2025.9.1-pyhcf101f3_0.conda
      - conda: https://conda.anaconda.org/conda-forge/noarch/jupyter_core-5.9.1-pyh6dadd2b_0.conda
      - conda: https://conda.anaconda.org/conda-forge/noarch/markdown-3.10.2-pyhcf101f3_0.conda
      - conda: https://conda.anaconda.org/conda-forge/noarch/mccabe-0.7.0-pyhd8ed1ab_1.conda
      - conda: https://conda.anaconda.org/conda-forge/noarch/mypy_extensions-1.1.0-pyha770c72_0.conda
      - conda: https://conda.anaconda.org/conda-forge/noarch/narwhals-2.22.1-pyhcf101f3_0.conda
      - conda: https://conda.anaconda.org/conda-forge/noarch/nbformat-5.10.4-pyhd8ed1ab_1.conda
      - conda: https://conda.anaconda.org/conda-forge/noarch/packaging-26.2-pyhc364b38_0.conda
      - conda: https://conda.anaconda.org/conda-forge/noarch/parso-0.8.7-pyhcf101f3_0.conda
      - conda: https://conda.anaconda.org/conda-forge/noarch/pathspec-1.1.1-pyhd8ed1ab_0.conda
      - conda: https://conda.anaconda.org/conda-forge/noarch/platformdirs-4.10.0-pyhcf101f3_0.conda
      - conda: https://conda.anaconda.org/conda-forge/noarch/pluggy-1.6.0-pyhf9edf01_1.conda
      - conda: https://conda.anaconda.org/conda-forge/noarch/pycodestyle-2.12.1-pyhd8ed1ab_1.conda
      - conda: https://conda.anaconda.org/conda-forge/noarch/pydocstyle-6.3.0-pyhd8ed1ab_1.conda
      - conda: https://conda.anaconda.org/conda-forge/noarch/pyflakes-3.2.0-pyhd8ed1ab_1.conda
      - conda: https://conda.anaconda.org/conda-forge/noarch/pygments-2.20.0-pyhd8ed1ab_0.conda
      - conda: https://conda.anaconda.org/conda-forge/noarch/pylint-4.0.6-pyhcf101f3_0.conda
      - conda: https://conda.anaconda.org/conda-forge/noarch/pymdown-extensions-10.21.3-pyhd8ed1ab_0.conda
      - conda: https://conda.anaconda.org/conda-forge/noarch/python-fastjsonschema-2.21.2-pyhe01879c_0.conda
      - conda: https://conda.anaconda.org/conda-forge/noarch/python-gil-3.14.6-h4df99d1_100.conda
      - conda: https://conda.anaconda.org/conda-forge/noarch/python-lsp-jsonrpc-1.1.2-pyhff2d567_1.conda
      - conda: https://conda.anaconda.org/conda-forge/noarch/python-lsp-server-1.14.0-pyh332efcf_0.conda
      - conda: https://conda.anaconda.org/conda-forge/noarch/python-lsp-server-base-1.14.0-pyhd8ed1ab_0.conda
      - conda: https://conda.anaconda.org/conda-forge/noarch/python-multipart-0.0.32-pyhcf101f3_0.conda
      - conda: https://conda.anaconda.org/conda-forge/noarch/python_abi-3.14-8_cp314.conda
      - conda: https://conda.anaconda.org/conda-forge/noarch/pytoolconfig-1.2.5-pyhd8ed1ab_1.conda
      - conda: https://conda.anaconda.org/conda-forge/noarch/referencing-0.37.0-pyhcf101f3_0.conda
      - conda: https://conda.anaconda.org/conda-forge/noarch/rope-1.14.0-pyhd8ed1ab_0.conda
      - conda: https://conda.anaconda.org/conda-forge/noarch/snowballstemmer-3.1.1-pyhd8ed1ab_0.conda
      - conda: https://conda.anaconda.org/conda-forge/noarch/starlette-1.3.1-pyhcf101f3_0.conda
      - conda: https://conda.anaconda.org/conda-forge/noarch/tomli-2.4.1-pyhcf101f3_0.conda
      - conda: https://conda.anaconda.org/conda-forge/noarch/tomlkit-0.15.0-pyha770c72_0.conda
      - conda: https://conda.anaconda.org/conda-forge/noarch/traitlets-5.15.1-pyhcf101f3_0.conda
      - conda: https://conda.anaconda.org/conda-forge/noarch/typing-extensions-4.15.0-h396c80c_0.conda
      - conda: https://conda.anaconda.org/conda-forge/noarch/typing_extensions-4.15.0-pyhcf101f3_0.conda
      - conda: https://conda.anaconda.org/conda-forge/noarch/tzdata-2025c-hc9c84f9_1.conda
      - conda: https://conda.anaconda.org/conda-forge/noarch/uvicorn-0.49.0-pyh6dadd2b_0.conda
      - conda: https://conda.anaconda.org/conda-forge/noarch/whatthepatch-1.0.7-pyhd8ed1ab_1.conda
      - conda: https://conda.anaconda.org/conda-forge/noarch/yapf-0.43.0-pyhd8ed1ab_1.conda
      - conda: https://conda.anaconda.org/conda-forge/noarch/zipp-4.1.0-pyhcf101f3_0.conda
      - conda: https://conda.anaconda.org/conda-forge/win-64/astroid-4.0.4-py314h86ab7b2_0.conda
      - conda: https://conda.anaconda.org/conda-forge/win-64/bzip2-1.0.8-h0ad9c76_9.conda
      - conda: https://conda.anaconda.org/conda-forge/win-64/krb5-1.22.2-h0ea6238_0.conda
      - conda: https://conda.anaconda.org/conda-forge/win-64/libexpat-2.8.1-hac47afa_1.conda
      - conda: https://conda.anaconda.org/conda-forge/win-64/libffi-3.5.2-h3d046cb_0.conda
      - conda: https://conda.anaconda.org/conda-forge/win-64/liblzma-5.8.3-hfd05255_0.conda
      - conda: https://conda.anaconda.org/conda-forge/win-64/libmpdec-4.0.0-hfd05255_1.conda
      - conda: https://conda.anaconda.org/conda-forge/win-64/libsodium-1.0.22-h6a83c73_1.conda
      - conda: https://conda.anaconda.org/conda-forge/win-64/libsqlite-3.53.2-hf5d6505_0.conda
      - conda: https://conda.anaconda.org/conda-forge/win-64/libzlib-1.3.2-hfd05255_2.conda
      - conda: https://conda.anaconda.org/conda-forge/win-64/loro-1.13.1-py314h4c60f30_0.conda
      - conda: https://conda.anaconda.org/conda-forge/win-64/marimo-0.23.9-py314hb821551_0.conda
      - conda: https://conda.anaconda.org/conda-forge/win-64/msgspec-0.21.1-py314h5a2d7ad_0.conda
      - conda: https://conda.anaconda.org/conda-forge/win-64/openssl-3.6.3-hf411b9b_0.conda
      - conda: https://conda.anaconda.org/conda-forge/win-64/psutil-7.2.2-py314hc5dbbe4_0.conda
      - conda: https://conda.anaconda.org/conda-forge/win-64/python-3.14.6-h4b44e0e_100_cp314.conda
      - conda: https://conda.anaconda.org/conda-forge/win-64/pytokens-0.4.1-py314hc5dbbe4_2.conda
      - conda: https://conda.anaconda.org/conda-forge/win-64/pywin32-312-py314hcaaf0b2_0.conda
      - conda: https://conda.anaconda.org/conda-forge/win-64/pyyaml-6.0.3-py314h2359020_1.conda
      - conda: https://conda.anaconda.org/conda-forge/win-64/pyzmq-27.1.0-py312h343a6d4_3.conda
      - conda: https://conda.anaconda.org/conda-forge/win-64/rpds-py-2026.5.1-py314hc980628_0.conda
      - conda: https://conda.anaconda.org/conda-forge/win-64/tk-8.6.13-h6ed50ae_3.conda
      - conda: https://conda.anaconda.org/conda-forge/win-64/ucrt-10.0.26100.0-h57928b3_0.conda
      - conda: https://conda.anaconda.org/conda-forge/win-64/ujson-5.13.0-py314hb98de8c_0.conda
      - conda: https://conda.anaconda.org/conda-forge/win-64/vc-14.5-h1b7c187_39.conda
      - conda: https://conda.anaconda.org/conda-forge/win-64/vc14_runtime-14.51.36231-h1b9f54f_39.conda
      - conda: https://conda.anaconda.org/conda-forge/win-64/vcomp14-14.51.36231-h1b9f54f_39.conda
      - conda: https://conda.anaconda.org/conda-forge/win-64/websockets-16.0-py314hc5dbbe4_1.conda
      - conda: https://conda.anaconda.org/conda-forge/win-64/yaml-0.2.5-h6a83c73_3.conda
      - conda: https://conda.anaconda.org/conda-forge/win-64/zeromq-4.3.5-h3a581c9_11.conda
      - conda: https://conda.anaconda.org/conda-forge/win-64/zstd-1.5.7-h534d264_6.conda
packages:
- conda: https://conda.anaconda.org/conda-forge/noarch/_python_abi3_support-1.0-hd8ed1ab_2.conda
  sha256: a3967b937b9abf0f2a99f3173fa4630293979bd1644709d89580e7c62a544661
  md5: aaa2a381ccc56eac91d63b6c1240312f
  depends:
  - cpython
  - python-gil
  license: MIT
  license_family: MIT
  run_exports: {}
  size: 8191
  timestamp: 1744137672556
- conda: https://conda.anaconda.org/conda-forge/noarch/anyio-4.14.0-pyhcf101f3_0.conda
  sha256: dc9c18c3766f82d88dbe6b25d25580e14fcc94d3c84524f610b713c2a72dd038
  md5: e679dcf15f30bf6e3f1bb3ba69bcf29c
  depends:
  - exceptiongroup >=1.0.2
  - idna >=2.8
  - python >=3.10
  - typing_extensions >=4.5
  - python
  constrains:
  - trio >=0.32.0
  - uvloop >=0.22.1
  - winloop >=0.2.3
  license: MIT
  license_family: MIT
  run_exports: {}
  size: 161074
  timestamp: 1781616881402
- conda: https://conda.anaconda.org/conda-forge/noarch/attrs-26.1.0-pyhcf101f3_0.conda
  sha256: 1b6124230bb4e571b1b9401537ecff575b7b109cc3a21ee019f65e083b8399ab
  md5: c6b0543676ecb1fb2d7643941fe375f2
  depends:
  - python >=3.10
  - python
  license: MIT
  license_family: MIT
  run_exports: {}
  size: 64927
  timestamp: 1773935801332
- conda: https://conda.anaconda.org/conda-forge/noarch/autopep8-2.0.4-pyhd8ed1ab_0.conda
  sha256: 5d9de00093c8757939df773754a76341f908bd7d6aaa65005e8dbae5632bac73
  md5: 1053857605b5139c8f9818a029a71913
  depends:
  - packaging
  - pycodestyle >=2.10.0
  - python >=3.6
  - tomli
  license: MIT
  license_family: MIT
  run_exports: {}
  size: 45709
  timestamp: 1693061409657
- conda: https://conda.anaconda.org/conda-forge/noarch/black-26.5.1-pyh866005b_0.conda
  sha256: f194e91242b26a7fd2244bf0ab0acb59c3f20ecbfe81d095d753e9183defbfb7
  md5: 651a8c2065be6883e86ec0e8471ed5ce
  depends:
  - click >=8.0.0
  - mypy_extensions >=0.4.3
  - packaging >=22.0
  - pathspec >=0.9
  - platformdirs >=2
  - python >=3.11
  - pytokens >=0.4
  license: MIT
  license_family: MIT
  run_exports: {}
  size: 176838
  timestamp: 1779460936776
- conda: https://conda.anaconda.org/conda-forge/noarch/ca-certificates-2026.6.17-h4c7d964_0.conda
  sha256: 7f458e4a82514d7bebbfef23d92817794a16aaf1c748a15f04870d4fb49aeab2
  md5: b9696b2cf00dfeec138c70cee38ed192
  depends:
  - __win
  license: ISC
  run_exports: {}
  size: 129352
  timestamp: 1781709016515
- conda: https://conda.anaconda.org/conda-forge/noarch/click-8.4.1-pyh6dadd2b_0.conda
  sha256: 5b8e8d8876ace41735f51ca43c43cdc9e1b4fbbae0f415d6b8441fec826d8c47
  md5: f73f35eedcd8e89d6c4407df15101233
  depends:
  - __win
  - colorama
  - python >=3.10
  - python
  license: BSD-3-Clause
  license_family: BSD
  run_exports: {}
  size: 104080
  timestamp: 1779900586237
- conda: https://conda.anaconda.org/conda-forge/noarch/colorama-0.4.6-pyhd8ed1ab_1.conda
  sha256: ab29d57dc70786c1269633ba3dff20288b81664d3ff8d21af995742e2bb03287
  md5: 962b9857ee8e7018c22f2776ffa0b2d7
  depends:
  - python >=3.9
  license: BSD-3-Clause
  license_family: BSD
  run_exports: {}
  size: 27011
  timestamp: 1733218222191
- conda: https://conda.anaconda.org/conda-forge/noarch/cpython-3.14.6-py314hd8ed1ab_100.conda
  noarch: generic
  sha256: 7a548856ef5307890a8cadfc196655117658f8c24589ce175caa4c1c2ded9d13
  md5: b28fe35fd43d5f425c0dccbe5b5039fd
  depends:
  - python >=3.14,<3.15.0a0
  - python_abi * *_cp314
  license: Python-2.0
  run_exports: {}
  size: 49333
  timestamp: 1781254618863
- conda: https://conda.anaconda.org/conda-forge/noarch/dill-0.4.1-pyhcf101f3_0.conda
  sha256: 1ef84c0cc4efd0c2d58c3cb365945edbd9ee42a1c54514d1ccba4b641005f757
  md5: 080a808fce955026bf82107d955d32da
  depends:
  - python >=3.10
  - python
  license: BSD-3-Clause
  license_family: BSD
  run_exports: {}
  size: 95462
  timestamp: 1768863743943
- conda: https://conda.anaconda.org/conda-forge/noarch/docstring-to-markdown-0.17-pyhe01879c_0.conda
  sha256: 350662774c4648177ef2bd82eabfe7e0adb30524502f453d35fadff9c5a69b1f
  md5: 66cb4c80ff13d7971adba487a5d12e74
  depends:
  - python >=3.9
  - importlib-metadata >=3.6
  - typing_extensions >=4.6
  - python
  license: LGPL-2.1-or-later
  run_exports: {}
  size: 46364
  timestamp: 1746284388518
- conda: https://conda.anaconda.org/conda-forge/noarch/docutils-0.23-pyhcf101f3_0.conda
  sha256: def3b2566a1702fa083a8984753ac0b3e3f7381048f88714e03d55b7bd930b74
  md5: 2c3958e02221c2504ec036139e648d8b
  depends:
  - python >=3.10
  - python
  license: LGPL-3.0-only
  license_family: LGPL
  run_exports: {}
  size: 459540
  timestamp: 1779967837277
- conda: https://conda.anaconda.org/conda-forge/noarch/exceptiongroup-1.3.1-pyhd8ed1ab_0.conda
  sha256: ee6cf346d017d954255bbcbdb424cddea4d14e4ed7e9813e429db1d795d01144
  md5: 8e662bd460bda79b1ea39194e3c4c9ab
  depends:
  - python >=3.10
  - typing_extensions >=4.6.0
  license: MIT and PSF-2.0
  run_exports: {}
  size: 21333
  timestamp: 1763918099466
- conda: https://conda.anaconda.org/conda-forge/noarch/flake8-7.1.2-pyhd8ed1ab_0.conda
  sha256: a8ac1bf60dcc317e35614bfb5e49ff63a4874ccfc8212c3771fe0837946e9afe
  md5: 5811f74de55030cb5f4054ab9a846139
  depends:
  - mccabe >=0.7.0,<0.8.0
  - pycodestyle >=2.12.0,<2.13.0
  - pyflakes >=3.2.0,<3.3.0
  - python >=3.9
  license: MIT
  license_family: MIT
  run_exports: {}
  size: 110777
  timestamp: 1739898510905
- conda: https://conda.anaconda.org/conda-forge/noarch/h11-0.16.0-pyhcf101f3_1.conda
  sha256: 96cac6573fd35ae151f4d6979bab6fbc90cb6b1fb99054ba19eb075da9822fcb
  md5: b8993c19b0c32a2f7b66cbb58ca27069
  depends:
  - python >=3.10
  - typing_extensions
  - python
  license: MIT
  license_family: MIT
  run_exports: {}
  size: 39069
  timestamp: 1767729720872
- conda: https://conda.anaconda.org/conda-forge/noarch/idna-3.18-pyhcf101f3_0.conda
  sha256: c75632ea624aa450a394f570749420c5a2e0997d0216bc29d5d45b0f39df0426
  md5: 577b04680ae422adb86fc60d7b940659
  depends:
  - python >=3.10
  - python
  license: BSD-3-Clause
  license_family: BSD
  run_exports: {}
  size: 163869
  timestamp: 1781620148226
- conda: https://conda.anaconda.org/conda-forge/noarch/importlib-metadata-9.0.0-pyhcf101f3_0.conda
  sha256: 43e2a5497cad1598ff88a3e69f69bc88b7b8f141fa63c60eab5db296317318b8
  md5: ffc17e785d64e12fc311af9184221839
  depends:
  - python >=3.10
  - zipp >=3.20
  - python
  license: Apache-2.0
  license_family: APACHE
  run_exports: {}
  size: 34766
  timestamp: 1779714582554
- conda: https://conda.anaconda.org/conda-forge/noarch/isort-8.0.1-pyhd8ed1ab_0.conda
  sha256: cc5c2b513143ea9675ba5b3570182f7568fd1029b299ee3bc58424dcce8c5539
  md5: 98cdd8615792e90da1023bc546f806d9
  depends:
  - importlib-metadata >=4.6.0
  - python >=3.10,<4.0
  license: MIT
  license_family: MIT
  run_exports: {}
  size: 72146
  timestamp: 1772278531671
- conda: https://conda.anaconda.org/conda-forge/noarch/itsdangerous-2.2.0-pyhd8ed1ab_1.conda
  sha256: 1684b7b16eec08efef5302ce298c606b163c18272b69a62b666fbaa61516f170
  md5: 7ac5f795c15f288984e32add616cdc59
  depends:
  - python >=3.9
  license: BSD-3-Clause
  license_family: BSD
  run_exports: {}
  size: 19180
  timestamp: 1733308353037
- conda: https://conda.anaconda.org/conda-forge/noarch/jedi-0.19.2-pyhd8ed1ab_1.conda
  sha256: 92c4d217e2dc68983f724aa983cca5464dcb929c566627b26a2511159667dba8
  md5: a4f4c5dc9b80bc50e0d3dc4e6e8f1bd9
  depends:
  - parso >=0.8.3,<0.9.0
  - python >=3.9
  license: Apache-2.0 AND MIT
  run_exports: {}
  size: 843646
  timestamp: 1733300981994
- conda: https://conda.anaconda.org/conda-forge/noarch/jsonschema-4.26.0-pyhcf101f3_0.conda
  sha256: db973a37d75db8e19b5f44bbbdaead0c68dde745407f281e2a7fe4db74ec51d7
  md5: ada41c863af263cc4c5fcbaff7c3e4dc
  depends:
  - attrs >=22.2.0
  - jsonschema-specifications >=2023.3.6
  - python >=3.10
  - referencing >=0.28.4
  - rpds-py >=0.25.0
  - python
  license: MIT
  license_family: MIT
  run_exports: {}
  size: 82356
  timestamp: 1767839954256
- conda: https://conda.anaconda.org/conda-forge/noarch/jsonschema-specifications-2025.9.1-pyhcf101f3_0.conda
  sha256: 0a4f3b132f0faca10c89fdf3b60e15abb62ded6fa80aebfc007d05965192aa04
  md5: 439cd0f567d697b20a8f45cb70a1005a
  depends:
  - python >=3.10
  - referencing >=0.31.0
  - python
  license: MIT
  license_family: MIT
  run_exports: {}
  size: 19236
  timestamp: 1757335715225
- conda: https://conda.anaconda.org/conda-forge/noarch/jupyter_core-5.9.1-pyh6dadd2b_0.conda
  sha256: ed709a6c25b731e01563521ef338b93986cd14b5bc17f35e9382000864872ccc
  md5: a8db462b01221e9f5135be466faeb3e0
  depends:
  - __win
  - pywin32
  - platformdirs >=2.5
  - python >=3.10
  - traitlets >=5.3
  - python
  constrains:
  - pywin32 >=300
  license: BSD-3-Clause
  license_family: BSD
  run_exports: {}
  size: 64679
  timestamp: 1760643889625
- conda: https://conda.anaconda.org/conda-forge/noarch/markdown-3.10.2-pyhcf101f3_0.conda
  sha256: 20e0892592a3e7c683e3d66df704a9425d731486a97c34fc56af4da1106b2b6b
  md5: ba0a9221ce1063f31692c07370d062f3
  depends:
  - importlib-metadata >=4.4
  - python >=3.10
  - python
  license: BSD-3-Clause
  license_family: BSD
  run_exports: {}
  size: 85893
  timestamp: 1770694658918
- conda: https://conda.anaconda.org/conda-forge/noarch/mccabe-0.7.0-pyhd8ed1ab_1.conda
  sha256: 9b0037171dad0100f0296699a11ae7d355237b55f42f9094aebc0f41512d96a1
  md5: 827064ddfe0de2917fb29f1da4f8f533
  depends:
  - python >=3.9
  license: MIT
  license_family: MIT
  run_exports: {}
  size: 12934
  timestamp: 1733216573915
- conda: https://conda.anaconda.org/conda-forge/noarch/mypy_extensions-1.1.0-pyha770c72_0.conda
  sha256: 6ed158e4e5dd8f6a10ad9e525631e35cee8557718f83de7a4e3966b1f772c4b1
  md5: e9c622e0d00fa24a6292279af3ab6d06
  depends:
  - python >=3.9
  license: MIT
  license_family: MIT
  run_exports: {}
  size: 11766
  timestamp: 1745776666688
- conda: https://conda.anaconda.org/conda-forge/noarch/narwhals-2.22.1-pyhcf101f3_0.conda
  sha256: dd2744a501f2db0aef084566bf3d0c2b312661dc91beb5a4cc97d27cdda0a959
  md5: 9450fb40fb1e147d0bcbdf07cd02ca96
  depends:
  - python >=3.10
  - python
  license: MIT
  license_family: MIT
  run_exports: {}
  size: 285532
  timestamp: 1780672242196
- conda: https://conda.anaconda.org/conda-forge/noarch/nbformat-5.10.4-pyhd8ed1ab_1.conda
  sha256: 7a5bd30a2e7ddd7b85031a5e2e14f290898098dc85bea5b3a5bf147c25122838
  md5: bbe1963f1e47f594070ffe87cdf612ea
  depends:
  - jsonschema >=2.6
  - jupyter_core >=4.12,!=5.0.*
  - python >=3.9
  - python-fastjsonschema >=2.15
  - traitlets >=5.1
  license: BSD-3-Clause
  license_family: BSD
  run_exports: {}
  size: 100945
  timestamp: 1733402844974
- conda: https://conda.anaconda.org/conda-forge/noarch/packaging-26.2-pyhc364b38_0.conda
  sha256: 3906abfb6511a3bb309e39b9b1b7bc38f50a723971de2395489fd1f379255890
  md5: 4c06a92e74452cfa53623a81592e8934
  depends:
  - python >=3.8
  - python
  license: Apache-2.0
  license_family: APACHE
  run_exports: {}
  size: 91574
  timestamp: 1777103621679
- conda: https://conda.anaconda.org/conda-forge/noarch/parso-0.8.7-pyhcf101f3_0.conda
  sha256: 611882f7944b467281c46644ffde6c5145d1a7730388bcde26e7e86819b0998e
  md5: 39894c952938276405a1bd30e4ce2caf
  depends:
  - python >=3.10
  - python
  license: MIT
  license_family: MIT
  run_exports: {}
  size: 82472
  timestamp: 1777722955579
- conda: https://conda.anaconda.org/conda-forge/noarch/pathspec-1.1.1-pyhd8ed1ab_0.conda
  sha256: 6eaee417d33f298db79bc7185ab1208604c0e6cf51dade34cd513c6f9db9c6f3
  md5: 11adc78451c998c0fd162584abfa3559
  depends:
  - python >=3.10
  license: MPL-2.0
  license_family: MOZILLA
  run_exports: {}
  size: 56559
  timestamp: 1777271601895
- conda: https://conda.anaconda.org/conda-forge/noarch/platformdirs-4.10.0-pyhcf101f3_0.conda
  sha256: 9e5e1fd3506ccfc4d444fc4d2d39b0ed097d5d0e3bd3d4bdf6bcc81aaf66860d
  md5: 2c5ef45db85d34799771629bd5860fd7
  depends:
  - python >=3.10
  - python
  license: MIT
  license_family: MIT
  run_exports: {}
  size: 26308
  timestamp: 1779972894916
- conda: https://conda.anaconda.org/conda-forge/noarch/pluggy-1.6.0-pyhf9edf01_1.conda
  sha256: e14aafa63efa0528ca99ba568eaf506eb55a0371d12e6250aaaa61718d2eb62e
  md5: d7585b6550ad04c8c5e21097ada2888e
  depends:
  - python >=3.9
  - python
  license: MIT
  license_family: MIT
  run_exports: {}
  size: 25877
  timestamp: 1764896838868
- conda: https://conda.anaconda.org/conda-forge/noarch/pycodestyle-2.12.1-pyhd8ed1ab_1.conda
  sha256: 8671d9dcbf458adb6435616ded0fd71925f0fa1b074528604db2f64fac54bf52
  md5: e895db5e6cee923018cbb1656c8ca7fa
  depends:
  - python >=3.9
  license: MIT
  license_family: MIT
  run_exports: {}
  size: 34350
  timestamp: 1733216302933
- conda: https://conda.anaconda.org/conda-forge/noarch/pydocstyle-6.3.0-pyhd8ed1ab_1.conda
  sha256: 83ab8434e3baf6a018914da4f1c2ae9023e23fb41e131b68b3e3f9ca41ecef61
  md5: a36aa6e0119331d3280f4bba043314c7
  depends:
  - python >=3.9
  - snowballstemmer >=2.2.0
  - tomli >=1.2.3
  license: MIT
  license_family: MIT
  run_exports: {}
  size: 40236
  timestamp: 1733261742916
- conda: https://conda.anaconda.org/conda-forge/noarch/pyflakes-3.2.0-pyhd8ed1ab_1.conda
  sha256: 22aa7a4d67c3907da5bbf2b97dbe34061c390ea7ba99e9d75ee581956270e129
  md5: 4731450b2c059fc567696242bcb7fc05
  depends:
  - python >=3.9
  license: MIT
  license_family: MIT
  run_exports: {}
  size: 58379
  timestamp: 1733216158448
- conda: https://conda.anaconda.org/conda-forge/noarch/pygments-2.20.0-pyhd8ed1ab_0.conda
  sha256: cf70b2f5ad9ae472b71235e5c8a736c9316df3705746de419b59d442e8348e86
  md5: 16c18772b340887160c79a6acc022db0
  depends:
  - python >=3.10
  license: BSD-2-Clause
  license_family: BSD
  run_exports: {}
  size: 893031
  timestamp: 1774796815820
- conda: https://conda.anaconda.org/conda-forge/noarch/pylint-4.0.6-pyhcf101f3_0.conda
  sha256: 5393b20b76361efe49971a0081cad0f4256f875a14fe71b1ed93ba9e0193369c
  md5: ba6813f7d81828b7dcd03248a42d031d
  depends:
  - astroid >=4.0.2,<=4.1.dev0
  - colorama >=0.4.5
  - isort >=5,!=5.13,<9
  - mccabe >=0.6,<0.8
  - platformdirs >=2.2
  - python >=3.10
  - tomli >=1.1
  - tomlkit >=0.10.1
  - dill >=0.3.7
  - python
  license: GPL-2.0-or-later
  license_family: GPL
  run_exports: {}
  size: 392703
  timestamp: 1781449583490
- conda: https://conda.anaconda.org/conda-forge/noarch/pymdown-extensions-10.21.3-pyhd8ed1ab_0.conda
  sha256: 644f7661c3589684b04c1cdda315af0db5839c4f6c609f460d12375fb694debe
  md5: 2a324ab0d62115c96875f33b55852784
  depends:
  - markdown >=3.6
  - python >=3.10
  - pyyaml
  license: MIT
  license_family: MIT
  run_exports: {}
  size: 172181
  timestamp: 1778686891401
- conda: https://conda.anaconda.org/conda-forge/noarch/python-fastjsonschema-2.21.2-pyhe01879c_0.conda
  sha256: df9aa74e9e28e8d1309274648aac08ec447a92512c33f61a8de0afa9ce32ebe8
  md5: 23029aae904a2ba587daba708208012f
  depends:
  - python >=3.9
  - python
  license: BSD-3-Clause
  license_family: BSD
  run_exports: {}
  size: 244628
  timestamp: 1755304154927
- conda: https://conda.anaconda.org/conda-forge/noarch/python-gil-3.14.6-h4df99d1_100.conda
  sha256: 84c129bdd6abcecac42a948f2670d17fe735d02d3a5a483a9b1f1bc33ba38c28
  md5: 224f69f177eb5aae6c9a6052846bf609
  depends:
  - cpython 3.14.6.*
  - python_abi * *_cp314
  license: Python-2.0
  run_exports: {}
  size: 49315
  timestamp: 1781254664376
- conda: https://conda.anaconda.org/conda-forge/noarch/python-lsp-jsonrpc-1.1.2-pyhff2d567_1.conda
  sha256: 32d11f2f41acd2c388de417d0bf117ba22d8a11e3d08a97546f959966eb08854
  md5: 1e4f4f40c7ec8a0e220d5b7740c94568
  depends:
  - python >=3.9
  - ujson >=3.0.0
  license: MIT
  license_family: MIT
  run_exports: {}
  size: 13946
  timestamp: 1736013560597
- conda: https://conda.anaconda.org/conda-forge/noarch/python-lsp-server-1.14.0-pyh332efcf_0.conda
  sha256: 2a7049f7366b5079bba53d95134f2addb5e6f84961122b94cdf9337249223a60
  md5: 7bf1f749091c52df16989a46bdda937d
  depends:
  - autopep8 >=2.0.4,<2.1.0
  - flake8 >=7.1.0,<8.0.0
  - mccabe >=0.7.0,<0.8.0
  - pycodestyle >=2.12.0,<2.13.0
  - pydocstyle >=6.3.0,<6.4.0
  - pyflakes >=3.2.0,<3.3.0
  - pylint >=3.1.0,<4.1.0
  - python >=3.9
  - python-lsp-server-base 1.14.0 pyhd8ed1ab_0
  - rope >=1.11.0
  - whatthepatch >=1.0.2,<2.0.0
  - yapf >=0.33.0
  license: MIT
  license_family: MIT
  run_exports: {}
  size: 7966
  timestamp: 1765038792783
- conda: https://conda.anaconda.org/conda-forge/noarch/python-lsp-server-base-1.14.0-pyhd8ed1ab_0.conda
  sha256: 91daa21544b7040a9b5f9b151915bb9f918d2c1023a22912a73c14003792ac63
  md5: 52d8d81be8c6e655896b5ca0ca6a38bc
  depends:
  - black
  - docstring-to-markdown
  - importlib-metadata >=4.8.3
  - jedi >=0.17.2,<0.20
  - pluggy >=1.0.0
  - python >=3.9
  - python-lsp-jsonrpc >=1.1.0,<2.0.0
  - ujson >=3.0.0
  license: MIT
  license_family: MIT
  run_exports: {}
  size: 63111
  timestamp: 1765038770950
- conda: https://conda.anaconda.org/conda-forge/noarch/python-multipart-0.0.32-pyhcf101f3_0.conda
  sha256: 7dde902994a99993b616d597783fcd0ce3265a550feffbd0890b1329c9dff7e0
  md5: f54d00b369042e8e0e235b1a1a817487
  depends:
  - python >=3.10
  - python
  license: Apache-2.0
  license_family: APACHE
  run_exports: {}
  size: 38132
  timestamp: 1780610429919
- conda: https://conda.anaconda.org/conda-forge/noarch/python_abi-3.14-8_cp314.conda
  build_number: 8
  sha256: ad6d2e9ac39751cc0529dd1566a26751a0bf2542adb0c232533d32e176e21db5
  md5: 0539938c55b6b1a59b560e843ad864a4
  constrains:
  - python 3.14.* *_cp314
  license: BSD-3-Clause
  license_family: BSD
  run_exports: {}
  size: 6989
  timestamp: 1752805904792
- conda: https://conda.anaconda.org/conda-forge/noarch/pytoolconfig-1.2.5-pyhd8ed1ab_1.conda
  sha256: b6a5597650c87ba82baa9099528517aef797864ec5f21face0047544d23a33e8
  md5: 27c95573211e4579709a3ea06051d4c1
  depends:
  - packaging >=22.0
  - python >=3.9
  - tomli >=2.0.1
  - typing-extensions >=4.4.0
  license: LGPL-3.0-or-later
  license_family: LGPL
  run_exports: {}
  size: 21843
  timestamp: 1733360825343
- conda: https://conda.anaconda.org/conda-forge/noarch/referencing-0.37.0-pyhcf101f3_0.conda
  sha256: 0577eedfb347ff94d0f2fa6c052c502989b028216996b45c7f21236f25864414
  md5: 870293df500ca7e18bedefa5838a22ab
  depends:
  - attrs >=22.2.0
  - python >=3.10
  - rpds-py >=0.7.0
  - typing_extensions >=4.4.0
  - python
  license: MIT
  license_family: MIT
  run_exports: {}
  size: 51788
  timestamp: 1760379115194
- conda: https://conda.anaconda.org/conda-forge/noarch/rope-1.14.0-pyhd8ed1ab_0.conda
  sha256: 488b26910c2718d989aae1e24198cc4f75196d4f331c69a903540fb8a40d7495
  md5: 0d81f45592f0f27a16a5c6d5e911364f
  depends:
  - python >=3.9
  - pytoolconfig >=1.2.2
  license: LGPL-3.0-or-later
  license_family: LGPL
  run_exports: {}
  size: 151278
  timestamp: 1752367269107
- conda: https://conda.anaconda.org/conda-forge/noarch/snowballstemmer-3.1.1-pyhd8ed1ab_0.conda
  sha256: ad89284ea94821c20ff87e64b948e4afc690cf5202d14c009355b0594cf23aea
  md5: 46b6abe31482f6bca064b965696ae807
  depends:
  - python >=3.10
  license: BSD-3-Clause
  license_family: BSD
  run_exports: {}
  size: 74456
  timestamp: 1780468201547
- conda: https://conda.anaconda.org/conda-forge/noarch/starlette-1.3.1-pyhcf101f3_0.conda
  sha256: 17e3dc37c0ac9754b782e49285a3d8d223d372f7012d64a4f6ae371466cef143
  md5: bb8e15a6ef1a475545720fa2c29f19c4
  depends:
  - anyio >=3.6.2,<5
  - python >=3.10
  - typing_extensions >=4.10.0
  - python
  license: BSD-3-Clause
  license_family: BSD
  run_exports: {}
  size: 64264
  timestamp: 1781447071524
- conda: https://conda.anaconda.org/conda-forge/noarch/tomli-2.4.1-pyhcf101f3_0.conda
  sha256: 91cafdb64268e43e0e10d30bd1bef5af392e69f00edd34dfaf909f69ab2da6bd
  md5: b5325cf06a000c5b14970462ff5e4d58
  depends:
  - python >=3.10
  - python
  license: MIT
  license_family: MIT
  run_exports: {}
  size: 21561
  timestamp: 1774492402955
- conda: https://conda.anaconda.org/conda-forge/noarch/tomlkit-0.15.0-pyha770c72_0.conda
  sha256: 1cd52f9ccb4854c4d731438afe0e833b6b71edaf5ede661152aa98efb3a7cc70
  md5: 42ef10a8f7f5d55a2e267c0d5daa6387
  depends:
  - python >=3.10
  license: MIT
  license_family: MIT
  run_exports: {}
  size: 41169
  timestamp: 1778423744478
- conda: https://conda.anaconda.org/conda-forge/noarch/traitlets-5.15.1-pyhcf101f3_0.conda
  sha256: b89a823edf524956b94a2a4db974866e4501f05c68976eff458c5dcf07f88431
  md5: 37e3be7b6e2977d37b8fa5da229f5dc0
  depends:
  - python >=3.10
  - python
  license: BSD-3-Clause
  license_family: BSD
  run_exports: {}
  size: 115158
  timestamp: 1780507822178
- conda: https://conda.anaconda.org/conda-forge/noarch/typing-extensions-4.15.0-h396c80c_0.conda
  sha256: 7c2df5721c742c2a47b2c8f960e718c930031663ac1174da67c1ed5999f7938c
  md5: edd329d7d3a4ab45dcf905899a7a6115
  depends:
  - typing_extensions ==4.15.0 pyhcf101f3_0
  license: PSF-2.0
  license_family: PSF
  run_exports: {}
  size: 91383
  timestamp: 1756220668932
- conda: https://conda.anaconda.org/conda-forge/noarch/typing_extensions-4.15.0-pyhcf101f3_0.conda
  sha256: 032271135bca55aeb156cee361c81350c6f3fb203f57d024d7e5a1fc9ef18731
  md5: 0caa1af407ecff61170c9437a808404d
  depends:
  - python >=3.10
  - python
  license: PSF-2.0
  license_family: PSF
  run_exports: {}
  size: 51692
  timestamp: 1756220668932
- conda: https://conda.anaconda.org/conda-forge/noarch/tzdata-2025c-hc9c84f9_1.conda
  sha256: 1d30098909076af33a35017eed6f2953af1c769e273a0626a04722ac4acaba3c
  md5: ad659d0a2b3e47e38d829aa8cad2d610
  license: LicenseRef-Public-Domain
  run_exports: {}
  size: 119135
  timestamp: 1767016325805
- conda: https://conda.anaconda.org/conda-forge/noarch/uvicorn-0.49.0-pyh6dadd2b_0.conda
  sha256: 4beb14227c4a6c1b0b4431110b66ad893e844b25417e1602370788cad611b47a
  md5: 5880e29d8b74a370f2598ce298e7ff53
  depends:
  - __win
  - click >=7.0
  - h11 >=0.8
  - python >=3.10
  - typing_extensions >=4.0
  - python
  license: BSD-3-Clause
  license_family: BSD
  run_exports: {}
  size: 55293
  timestamp: 1780574337557
- conda: https://conda.anaconda.org/conda-forge/noarch/whatthepatch-1.0.7-pyhd8ed1ab_1.conda
  sha256: c45d2dd1e13abd26916890bbbce2dd1e95925184254f3e82e0af56ffd0c8fae8
  md5: c0617d951edc1e90c2809ec104865d7c
  depends:
  - python >=3.9
  license: MIT
  license_family: MIT
  run_exports: {}
  size: 17016
  timestamp: 1736040941174
- conda: https://conda.anaconda.org/conda-forge/noarch/yapf-0.43.0-pyhd8ed1ab_1.conda
  sha256: a84c77c78445ee71813059ad960b043e334b24250900f4cec96a9ef78e45208a
  md5: ad1a2c858e3c14deae4f274580123151
  depends:
  - importlib-metadata >=6.6.0
  - platformdirs >=3.5.1
  - python >=3.9
  - tomli >=2.0.1
  license: Apache-2.0
  license_family: APACHE
  run_exports: {}
  size: 179278
  timestamp: 1736192836846
- conda: https://conda.anaconda.org/conda-forge/noarch/zipp-4.1.0-pyhcf101f3_0.conda
  sha256: 210bd31c22bb88f5e2a167df24c95bb5f152b2ada7502f9b8c49d1f5366db423
  md5: ba3dcdc8584155c97c648ae9c044b7a3
  depends:
  - python >=3.10
  - python
  license: MIT
  license_family: MIT
  run_exports: {}
  size: 24190
  timestamp: 1779159948016
- conda: https://conda.anaconda.org/conda-forge/win-64/astroid-4.0.4-py314h86ab7b2_0.conda
  sha256: 18d45f2251b15637c73f3d9a5818601797a9ee89b0bb0203bf810dac27d1294a
  md5: d104588051bc8b8c592cfd1ccdbf0a6b
  depends:
  - python >=3.14,<3.15.0a0
  - python_abi 3.14.* *_cp314
  license: LGPL-2.1-or-later
  license_family: LGPL
  run_exports: {}
  size: 541771
  timestamp: 1770634544810
- conda: https://conda.anaconda.org/conda-forge/win-64/bzip2-1.0.8-h0ad9c76_9.conda
  sha256: 76dfb71df5e8d1c4eded2dbb5ba15bb8fb2e2b0fe42d94145d5eed4c75c35902
  md5: 4cb8e6b48f67de0b018719cdf1136306
  depends:
  - ucrt >=10.0.20348.0
  - vc >=14.3,<15
  - vc14_runtime >=14.44.35208
  license: bzip2-1.0.6
  license_family: BSD
  run_exports:
    weak:
    - bzip2 >=1.0.8,<2.0a0
  size: 56115
  timestamp: 1771350256444
- conda: https://conda.anaconda.org/conda-forge/win-64/krb5-1.22.2-h0ea6238_0.conda
  sha256: eb60f1ad8b597bcf95dee11bc11fe71a8325bc1204cf51d2bb1f2120ffd77761
  md5: 4432f52dc0c8eb6a7a6abc00a037d93c
  depends:
  - openssl >=3.5.5,<4.0a0
  - ucrt >=10.0.20348.0
  - vc >=14.3,<15
  - vc14_runtime >=14.44.35208
  license: MIT
  license_family: MIT
  run_exports:
    weak:
    - krb5 >=1.22.2,<1.23.0a0
  size: 751055
  timestamp: 1769769688841
- conda: https://conda.anaconda.org/conda-forge/win-64/libexpat-2.8.1-hac47afa_1.conda
  sha256: 1a54d874addda73b6f7164d5f3905821277a1831bcc05edd74b3085391688571
  md5: ccc490c81ffe14181861beac0e8f3169
  depends:
  - ucrt >=10.0.20348.0
  - vc >=14.3,<15
  - vc14_runtime >=14.44.35208
  constrains:
  - expat 2.8.1.*
  license: MIT
  license_family: MIT
  run_exports: {}
  size: 71631
  timestamp: 1781203724164
- conda: https://conda.anaconda.org/conda-forge/win-64/libffi-3.5.2-h3d046cb_0.conda
  sha256: 59d01f2dfa8b77491b5888a5ab88ff4e1574c9359f7e229da254cdfe27ddc190
  md5: 720b39f5ec0610457b725eb3f396219a
  depends:
  - ucrt >=10.0.20348.0
  - vc >=14.3,<15
  - vc14_runtime >=14.44.35208
  license: MIT
  license_family: MIT
  run_exports:
    weak:
    - libffi >=3.5.2,<3.6.0a0
  size: 45831
  timestamp: 1769456418774
- conda: https://conda.anaconda.org/conda-forge/win-64/liblzma-5.8.3-hfd05255_0.conda
  sha256: d636d1a25234063642f9c531a7bb58d84c1c496411280a36ea000bd122f078f1
  md5: 8f83619ab1588b98dd99c90b0bfc5c6d
  depends:
  - ucrt >=10.0.20348.0
  - vc >=14.3,<15
  - vc14_runtime >=14.44.35208
  constrains:
  - xz 5.8.3.*
  license: 0BSD
  run_exports:
    weak:
    - liblzma >=5.8.3,<6.0a0
  size: 106486
  timestamp: 1775825663227
- conda: https://conda.anaconda.org/conda-forge/win-64/libmpdec-4.0.0-hfd05255_1.conda
  sha256: 40dcd0b9522a6e0af72a9db0ced619176e7cfdb114855c7a64f278e73f8a7514
  md5: e4a9fc2bba3b022dad998c78856afe47
  depends:
  - ucrt >=10.0.20348.0
  - vc >=14.3,<15
  - vc14_runtime >=14.44.35208
  license: BSD-2-Clause
  license_family: BSD
  run_exports: {}
  size: 89411
  timestamp: 1769482314283
- conda: https://conda.anaconda.org/conda-forge/win-64/libsodium-1.0.22-h6a83c73_1.conda
  sha256: de45b71224da77a1c3a7dd48d8885eb957c9f05455d4f0828463293e7144330f
  md5: 7d5abf7ca1bd00b43d273f44d93d05dc
  depends:
  - vc >=14.3,<15
  - vc14_runtime >=14.44.35208
  - ucrt >=10.0.20348.0
  license: ISC
  run_exports:
    weak:
    - libsodium >=1.0.22,<1.0.23.0a0
  size: 280234
  timestamp: 1779164124739
- conda: https://conda.anaconda.org/conda-forge/win-64/libsqlite-3.53.2-hf5d6505_0.conda
  sha256: 4cd81319dcc58fb758da20a6d5595950c021adc2c18d7cffeadcfb590529629f
  md5: df294e7f9f24a6063f0e226f4d028fda
  depends:
  - ucrt >=10.0.20348.0
  - vc >=14.3,<15
  - vc14_runtime >=14.44.35208
  license: blessing
  run_exports:
    weak:
    - libsqlite >=3.53.2,<4.0a0
  size: 1313306
  timestamp: 1780574491977
- conda: https://conda.anaconda.org/conda-forge/win-64/libzlib-1.3.2-hfd05255_2.conda
  sha256: 88609816e0cc7452bac637aaf65783e5edf4fee8a9f8e22bdc3a75882c536061
  md5: dbabbd6234dea34040e631f87676292f
  depends:
  - ucrt >=10.0.20348.0
  - vc >=14.3,<15
  - vc14_runtime >=14.44.35208
  constrains:
  - zlib 1.3.2 *_2
  license: Zlib
  license_family: Other
  run_exports:
    weak:
    - libzlib >=1.3.2,<2.0a0
  size: 58347
  timestamp: 1774072851498
- conda: https://conda.anaconda.org/conda-forge/win-64/loro-1.13.1-py314h4c60f30_0.conda
  sha256: 1a7880768d43091deb1774ce639f62b977981aa683e12acf6e36f0df4ac4f4c7
  md5: a9279687005a19546ef4dc357a812a94
  depends:
  - python
  - vc >=14.5,<15
  - vc14_runtime >=14.51.36231
  - ucrt >=10.0.20348.0
  - python_abi 3.14.* *_cp314
  license: MIT
  license_family: MIT
  run_exports: {}
  size: 2560628
  timestamp: 1781437984805
- conda: https://conda.anaconda.org/conda-forge/win-64/marimo-0.23.9-py314hb821551_0.conda
  sha256: 3aa7d472686730eff992dcc9e2c4c9a887b3f38aecc7a336aafee3e8ccb7c988
  md5: 6570176bd982287510ba078c2dfdc3db
  depends:
  - python
  - click >=8.0,<9
  - jedi >=0.18.0,<0.20.0
  - markdown >=3.6,<4
  - pymdown-extensions >=10.21.2,<11
  - pygments >=2.19,<3
  - tomlkit >=0.12.0
  - pyyaml >=6.0.1
  - uvicorn >=0.22.0
  - starlette >=0.37.2
  - python-multipart >=0.0.18
  - websockets >=14.2.0
  - loro >=1.10.0
  - docutils >=0.16.0
  - psutil >=5.0
  - itsdangerous >=2.0.0
  - narwhals >=2.0.0
  - packaging
  - msgspec >=0.20.0
  - pyzmq >=27.1.0
  - python_abi 3.14.* *_cp314
  license: Apache-2.0
  license_family: APACHE
  run_exports: {}
  size: 34531256
  timestamp: 1780635405370
- conda: https://conda.anaconda.org/conda-forge/win-64/msgspec-0.21.1-py314h5a2d7ad_0.conda
  sha256: 6a076225fa315d29c5d556e3912a6319aea60b4f458c23f23f5ce66495cb9414
  md5: a4b20f401c93cf8651093fcc8380e3c9
  depends:
  - python >=3.14,<3.15.0a0
  - python_abi 3.14.* *_cp314
  - ucrt >=10.0.20348.0
  - vc >=14.3,<15
  - vc14_runtime >=14.44.35208
  license: BSD-3-Clause
  license_family: BSD
  run_exports: {}
  size: 201836
  timestamp: 1776337750218
- conda: https://conda.anaconda.org/conda-forge/win-64/openssl-3.6.3-hf411b9b_0.conda
  sha256: cb6e7ba0d010ee0d3249ce9886de3d7613d26d9965d4c95666fa66b9c4c31001
  md5: e99f95734a326c0fd4d02bbd995150d4
  depends:
  - ca-certificates
  - ucrt >=10.0.20348.0
  - vc >=14.3,<15
  - vc14_runtime >=14.44.35208
  license: Apache-2.0
  license_family: Apache
  run_exports:
    weak:
    - openssl >=3.6.3,<4.0a0
  size: 9414790
  timestamp: 1781071745579
- conda: https://conda.anaconda.org/conda-forge/win-64/psutil-7.2.2-py314hc5dbbe4_0.conda
  sha256: 17c8274ce5a32c9793f73a5a0094bd6188f3a13026a93147655143d4df034214
  md5: fd539ac231820f64066839251aa9fa48
  depends:
  - python
  - vc >=14.3,<15
  - vc14_runtime >=14.44.35208
  - ucrt >=10.0.20348.0
  - python_abi 3.14.* *_cp314
  license: BSD-3-Clause
  license_family: BSD
  run_exports: {}
  size: 249950
  timestamp: 1769678167309
- conda: https://conda.anaconda.org/conda-forge/win-64/python-3.14.6-h4b44e0e_100_cp314.conda
  build_number: 100
  sha256: f1acb89cb1a6bec9a94ae9f8e7411839de009cd64d3ac6a6aec4f3d8a481099a
  md5: 8333e3ca6f8d1ebcd30b678dd53f0a25
  depends:
  - bzip2 >=1.0.8,<2.0a0
  - libexpat >=2.8.1,<3.0a0
  - libffi >=3.5.2,<3.6.0a0
  - liblzma >=5.8.3,<6.0a0
  - libmpdec >=4.0.0,<5.0a0
  - libsqlite >=3.53.2,<4.0a0
  - libzlib >=1.3.2,<2.0a0
  - openssl >=3.5.7,<4.0a0
  - python_abi 3.14.* *_cp314
  - tk >=8.6.13,<8.7.0a0
  - tzdata
  - ucrt >=10.0.20348.0
  - vc >=14.3,<15
  - vc14_runtime >=14.44.35208
  - zstd >=1.5.7,<1.6.0a0
  license: Python-2.0
  run_exports:
    weak:
    - python_abi 3.14.* *_cp314
    noarch:
    - python
  size: 18481352
  timestamp: 1781256034828
  python_site_packages_path: Lib/site-packages
- conda: https://conda.anaconda.org/conda-forge/win-64/pytokens-0.4.1-py314hc5dbbe4_2.conda
  sha256: 2c97a59ce98b9d29a30bc49f3001b9206ce789edaee7d2773cde8a8a7f78abc4
  md5: 02632a618ced2283cf9a7c4a70a43026
  depends:
  - python
  - vc >=14.3,<15
  - vc14_runtime >=14.44.35208
  - ucrt >=10.0.20348.0
  - python_abi 3.14.* *_cp314
  license: MIT
  license_family: MIT
  run_exports: {}
  size: 120434
  timestamp: 1778688861070
- conda: https://conda.anaconda.org/conda-forge/win-64/pywin32-312-py314hcaaf0b2_0.conda
  sha256: 71f9617186f5e2273bcefc4f3a258df5784886077ad36fe14f1d16b1c2c506eb
  md5: 4d49ac91c23c4b1878daf5ea9e7c767a
  depends:
  - python
  - vc >=14.3,<15
  - vc14_runtime >=14.44.35208
  - ucrt >=10.0.20348.0
  - python_abi 3.14.* *_cp314
  license: PSF-2.0
  license_family: PSF
  run_exports: {}
  size: 4472831
  timestamp: 1781362876741
- conda: https://conda.anaconda.org/conda-forge/win-64/pyyaml-6.0.3-py314h2359020_1.conda
  sha256: a2aff34027aa810ff36a190b75002d2ff6f9fbef71ec66e567616ac3a679d997
  md5: 0cd9b88826d0f8db142071eb830bce56
  depends:
  - python >=3.14,<3.15.0a0
  - python_abi 3.14.* *_cp314
  - ucrt >=10.0.20348.0
  - vc >=14.3,<15
  - vc14_runtime >=14.44.35208
  - yaml >=0.2.5,<0.3.0a0
  license: MIT
  license_family: MIT
  run_exports: {}
  size: 181257
  timestamp: 1770223460931
- conda: https://conda.anaconda.org/conda-forge/win-64/pyzmq-27.1.0-py312h343a6d4_3.conda
  noarch: python
  sha256: d7e65c44ea8a92f80cc0e424b4b7dbe63b8a9ec04ea774b7d4f7aed4c34cce4c
  md5: ebbda9a4e5161d6e1f98146ad057dc10
  depends:
  - python
  - vc >=14.3,<15
  - vc14_runtime >=14.44.35208
  - ucrt >=10.0.20348.0
  - _python_abi3_support 1.*
  - cpython >=3.12
  - zeromq >=4.3.5,<4.3.6.0a0
  license: BSD-3-Clause
  license_family: BSD
  run_exports: {}
  size: 182831
  timestamp: 1779483925948
- conda: https://conda.anaconda.org/conda-forge/win-64/rpds-py-2026.5.1-py314hc980628_0.conda
  sha256: 5ecab2511a0ec8d2ea11ff337d83bf8bad8da1e167ae0b6336ac2e56abae10de
  md5: f56d0b6c5af9a03320a5884efa3c5764
  depends:
  - python
  - vc >=14.3,<15
  - vc14_runtime >=14.44.35208
  - ucrt >=10.0.20348.0
  - python_abi 3.14.* *_cp314
  license: MIT
  license_family: MIT
  run_exports: {}
  size: 229575
  timestamp: 1779977051010
- conda: https://conda.anaconda.org/conda-forge/win-64/tk-8.6.13-h6ed50ae_3.conda
  sha256: 0e79810fae28f3b69fe7391b0d43f5474d6bd91d451d5f2bde02f55ae481d5e3
  md5: 0481bfd9814bf525bd4b3ee4b51494c4
  depends:
  - ucrt >=10.0.20348.0
  - vc >=14.3,<15
  - vc14_runtime >=14.44.35208
  license: TCL
  license_family: BSD
  run_exports:
    weak:
    - tk >=8.6.13,<8.7.0a0
  size: 3526350
  timestamp: 1769460339384
- conda: https://conda.anaconda.org/conda-forge/win-64/ucrt-10.0.26100.0-h57928b3_0.conda
  sha256: 3005729dce6f3d3f5ec91dfc49fc75a0095f9cd23bab49efb899657297ac91a5
  md5: 71b24316859acd00bdb8b38f5e2ce328
  constrains:
  - vc14_runtime >=14.29.30037
  - vs2015_runtime >=14.29.30037
  license: LicenseRef-MicrosoftWindowsSDK10
  run_exports: {}
  size: 694692
  timestamp: 1756385147981
- conda: https://conda.anaconda.org/conda-forge/win-64/ujson-5.13.0-py314hb98de8c_0.conda
  sha256: 40d9682b465a20acbffe4e075a8cac4471d6d0ef01089fcea6701c931f61eae5
  md5: 0d41e522e46805227a3f8fd1b243db34
  depends:
  - python
  - vc >=14.3,<15
  - vc14_runtime >=14.44.35208
  - ucrt >=10.0.20348.0
  - python_abi 3.14.* *_cp314
  license: BSD-3-Clause
  license_family: BSD
  run_exports: {}
  size: 51629
  timestamp: 1781561644996
- conda: https://conda.anaconda.org/conda-forge/win-64/vc-14.5-h1b7c187_39.conda
  sha256: 17693b60cb54f80c60275f003f3bfc1b128af56dbfd65c4fae37c64eeb755ce1
  md5: 2eacea63f545b97342da520df6854276
  depends:
  - vc14_runtime >=14.51.36231
  track_features:
  - vc14
  license: BSD-3-Clause
  license_family: BSD
  run_exports: {}
  size: 20362
  timestamp: 1781320968457
- conda: https://conda.anaconda.org/conda-forge/win-64/vc14_runtime-14.51.36231-h1b9f54f_39.conda
  sha256: 8153ed849c92e891eacac0f2f8d7ecb79f9b5fd7f7917fbb896f252a60a40390
  md5: 06a5bf5a1ca16cce0df6eaa91fc42bc2
  depends:
  - ucrt >=10.0.20348.0
  - vcomp14 14.51.36231 h1b9f54f_39
  constrains:
  - vs2015_runtime 14.51.36231.* *_39
  license: LicenseRef-MicrosoftVisualCpp2015-2022Runtime
  license_family: Proprietary
  run_exports: {}
  size: 737434
  timestamp: 1781320964561
- conda: https://conda.anaconda.org/conda-forge/win-64/vcomp14-14.51.36231-h1b9f54f_39.conda
  sha256: 07fb14713c4bc62e2533a2e23a363abfb0e65650681fba0ae4c840e2219350f3
  md5: 8b53a83fda40ec679e4d63fa32fae989
  depends:
  - ucrt >=10.0.20348.0
  constrains:
  - vs2015_runtime 14.51.36231.* *_39
  license: LicenseRef-MicrosoftVisualCpp2015-2022Runtime
  license_family: Proprietary
  run_exports:
    strong:
    - vcomp14 >=14.51.36231
  size: 120684
  timestamp: 1781320948530
- conda: https://conda.anaconda.org/conda-forge/win-64/websockets-16.0-py314hc5dbbe4_1.conda
  sha256: d5b444750891ffe6360f0066601012b71c27dd15a02e5753f4a08415377271c7
  md5: 5341e4691d00db4239bb9a9df481f5ae
  depends:
  - python
  - vc >=14.3,<15
  - vc14_runtime >=14.44.35208
  - ucrt >=10.0.20348.0
  - python_abi 3.14.* *_cp314
  license: BSD-3-Clause
  license_family: BSD
  run_exports: {}
  size: 439954
  timestamp: 1768087421360
- conda: https://conda.anaconda.org/conda-forge/win-64/yaml-0.2.5-h6a83c73_3.conda
  sha256: 80ee68c1e7683a35295232ea79bcc87279d31ffeda04a1665efdb43cbd50a309
  md5: 433699cba6602098ae8957a323da2664
  depends:
  - vc >=14.3,<15
  - vc14_runtime >=14.44.35208
  - ucrt >=10.0.20348.0
  - vc >=14.3,<15
  - vc14_runtime >=14.44.35208
  - ucrt >=10.0.20348.0
  license: MIT
  license_family: MIT
  run_exports:
    weak:
    - yaml >=0.2.5,<0.3.0a0
  size: 63944
  timestamp: 1753484092156
- conda: https://conda.anaconda.org/conda-forge/win-64/zeromq-4.3.5-h3a581c9_11.conda
  sha256: c3e279cb309b153152fcdd6ee6d039ad996d563c849f06be39d85b8e3351df25
  md5: f016c0c5f9c01549b259146614786192
  depends:
  - vc >=14.3,<15
  - vc14_runtime >=14.44.35208
  - ucrt >=10.0.20348.0
  - libsodium >=1.0.22,<1.0.23.0a0
  - krb5 >=1.22.2,<1.23.0a0
  license: MPL-2.0
  license_family: MOZILLA
  run_exports:
    weak:
    - zeromq >=4.3.5,<4.3.6.0a0
  size: 265717
  timestamp: 1779124031378
- conda: https://conda.anaconda.org/conda-forge/win-64/zstd-1.5.7-h534d264_6.conda
  sha256: 368d8628424966fd8f9c8018326a9c779e06913dd39e646cf331226acc90e5b2
  md5: 053b84beec00b71ea8ff7a4f84b55207
  depends:
  - vc >=14.3,<15
  - vc14_runtime >=14.44.35208
  - ucrt >=10.0.20348.0
  - libzlib >=1.3.1,<2.0a0
  license: BSD-3-Clause
  license_family: BSD
  run_exports:
    weak:
    - zstd >=1.5.7,<1.6.0a0
  size: 388453
  timestamp: 1764777142545
